
Microsoft Visual Studio Solution File, Format Version 12.00
# Visual Studio Version 17
VisualStudioVersion = 17.5.33516.290
MinimumVisualStudioVersion = 10.0.40219.1
Project("{FAE04EC0-301F-11D3-BF4B-00C04F79EFBC}") = "CustomersApi", "CustomersApi.csproj", "{E8913ADC-17DE-437E-9C76-114A2FE88BA1}"
EndProject
Global
	GlobalSection(SolutionConfigurationPlatforms) = preSolution
		Debug|Any CPU = Debug|Any CPU
		Release|Any CPU = Release|Any CPU
	EndGlobalSection
	GlobalSection(ProjectConfigurationPlatforms) = postSolution
		{E8913ADC-17DE-437E-9C76-114A2FE88BA1}.Debug|Any CPU.ActiveCfg = Debug|Any CPU
		{E8913ADC-17DE-437E-9C76-114A2FE88BA1}.Debug|Any CPU.Build.0 = Debug|Any CPU
		{E8913ADC-17DE-437E-9C76-114A2FE88BA1}.Release|Any CPU.ActiveCfg = Release|Any CPU
		{E8913ADC-17DE-437E-9C76-114A2FE88BA1}.Release|Any CPU.Build.0 = Release|Any CPU
	EndGlobalSection
	GlobalSection(SolutionProperties) = preSolution
		HideSolutionNode = FALSE
	EndGlobalSection
	GlobalSection(ExtensibilityGlobals) = postSolution
		SolutionGuid = {058D7283-1926-4926-98A0-29048935A326}
	EndGlobalSection
EndGlobal
